
Microsoft Visual Studio Solution File, Format Version 12.00
# Visual Studio Version 16
VisualStudioVersion = 16.0.30523.141
MinimumVisualStudioVersion = 10.0.40219.1
Project("{FAE04EC0-301F-11D3-BF4B-00C04F79EFBC}") = "FinanceManagementSystem", "FinanceManagementSystem\FinanceManagementSystem.csproj", "{392132CD-B090-40E9-84BA-D6E2A1AD4817}"
EndProject
Global
	GlobalSection(SolutionConfigurationPlatforms) = preSolution
		Debug|Any CPU = Debug|Any CPU
		Release|Any CPU = Release|Any CPU
	EndGlobalSection
	GlobalSection(ProjectConfigurationPlatforms) = postSolution
		{392132CD-B090-40E9-84BA-D6E2A1AD4817}.Debug|Any CPU.ActiveCfg = Debug|Any CPU
		{392132CD-B090-40E9-84BA-D6E2A1AD4817}.Debug|Any CPU.Build.0 = Debug|Any CPU
		{392132CD-B090-40E9-84BA-D6E2A1AD4817}.Release|Any CPU.ActiveCfg = Release|Any CPU
		{392132CD-B090-40E9-84BA-D6E2A1AD4817}.Release|Any CPU.Build.0 = Release|Any CPU
	EndGlobalSection
	GlobalSection(SolutionProperties) = preSolution
		HideSolutionNode = FALSE
	EndGlobalSection
	GlobalSection(ExtensibilityGlobals) = postSolution
		SolutionGuid = {2EE1B5AE-E016-403C-8D13-F182995FC8AE}
	EndGlobalSection
EndGlobal
